
Microsoft Visual Studio Solution File, Format Version 12.00
# Visual Studio 15
VisualStudioVersion = 15.0.28307.2017
MinimumVisualStudioVersion = 10.0.40219.1
Project("{FAE04EC0-301F-11D3-BF4B-00C04F79EFBC}") = "bsg_hafta3", "bsg_hafta3\bsg_hafta3.csproj", "{DB62D948-85E9-4510-A876-3B044498F122}"
EndProject
Global
	GlobalSection(SolutionConfigurationPlatforms) = preSolution
		Debug|Any CPU = Debug|Any CPU
		Release|Any CPU = Release|Any CPU
	EndGlobalSection
	GlobalSection(ProjectConfigurationPlatforms) = postSolution
		{DB62D948-85E9-4510-A876-3B044498F122}.Debug|Any CPU.ActiveCfg = Debug|Any CPU
		{DB62D948-85E9-4510-A876-3B044498F122}.Debug|Any CPU.Build.0 = Debug|Any CPU
		{DB62D948-85E9-4510-A876-3B044498F122}.Release|Any CPU.ActiveCfg = Release|Any CPU
		{DB62D948-85E9-4510-A876-3B044498F122}.Release|Any CPU.Build.0 = Release|Any CPU
	EndGlobalSection
	GlobalSection(SolutionProperties) = preSolution
		HideSolutionNode = FALSE
	EndGlobalSection
	GlobalSection(ExtensibilityGlobals) = postSolution
		SolutionGuid = {D7FC8F17-D22C-49F3-8CF2-E2B7F1F02DC3}
	EndGlobalSection
EndGlobal
